{
  "name": "parse-worker",
  "version": "1.0.0",
  "lockfileVersion": 3,
  "requires": true,
  "packages": {
    "": {
      "name": "parse-worker",
      "version": "1.0.0",
      "license": "UNLICENSED",
      "dependencies": {
        "@fast-csv/parse": "^5.0.0",
        "chrono-node": "^2.7.6",
        "fast-xml-parser": "^4.3.2",
        "ioredis": "^5.4.1",
        "mammoth": "^1.6.0",
        "pdf-parse": "^1.1.1",
        "zod": "^3.23.8"
      },
      "devDependencies": {
        "@types/node": "^22.0.0",
        "ts-node": "^10.9.2",
        "ts-node-dev": "^2.0.0",
        "typescript": "^5.5.4"
      }
    }
  }
}
